{
  "name": "nodepingback",
  "version": "1.0.0",
  "lockfileVersion": 3,
  "requires": true,
  "packages": {
    "": {
      "name": "nodepingback",
      "version": "1.0.0",
      "license": "ISC",
      "dependencies": {
        "dotenv": "^16.4.5",
        "paymentwall": "^2.0.0"
      }
    },
    "node_modules/dotenv": {
      "version": "16.4.5",
      "resolved": "https://registry.npmjs.org/dotenv/-/dotenv-16.4.5.tgz",
      "integrity": "sha512-ZmdL2rui+eB2YwhsWzjInR8LldtZHGDoQ1ugH85ppHKwpUHL7j7rN0Ti9NCnGiQbhaZ11FpR+7ao1dNsmduNUg==",
      "engines": {
        "node": ">=12"
      },
      "funding": {
        "url": "https://dotenvx.com"
      }
    },
    "node_modules/inherits": {
      "version": "2.0.4",
      "resolved": "https://registry.npmjs.org/inherits/-/inherits-2.0.4.tgz",
      "integrity": "sha512-k/vGaX4/Yla3WzyMCvTQOXYeIHvqOKtnqBduzTHpzpQZzAskKMhZ2K+EnBiSM9zGSoIFeMpXKxa4dYeZIQqewQ=="
    },
    "node_modules/paymentwall": {
      "version": "2.0.0",
      "resolved": "https://registry.npmjs.org/paymentwall/-/paymentwall-2.0.0.tgz",
      "integrity": "sha512-B1QDTHvx5/xPGoq7A4duC4X2iqk/p9c2BGP6WueULQ2azmRiC3XrqQ4NSTy5ro/nDkPJBp5lSpGFukUMhKSENA==",
      "dependencies": {
        "inherits": "^2.0.4"
      }
    }
  }
}
